
Microsoft Visual Studio Solution File, Format Version 12.00
# Visual Studio Version 17
VisualStudioVersion = 17.8.34330.188
MinimumVisualStudioVersion = 10.0.40219.1
Project("{FAE04EC0-301F-11D3-BF4B-00C04F79EFBC}") = "ConsoleApp54", "ConsoleApp54\ConsoleApp54.csproj", "{79B5D9B3-8B13-4779-BB7E-9FDABD39A9D0}"
EndProject
Global
	GlobalSection(SolutionConfigurationPlatforms) = preSolution
		Debug|Any CPU = Debug|Any CPU
		Release|Any CPU = Release|Any CPU
	EndGlobalSection
	GlobalSection(ProjectConfigurationPlatforms) = postSolution
		{79B5D9B3-8B13-4779-BB7E-9FDABD39A9D0}.Debug|Any CPU.ActiveCfg = Debug|Any CPU
		{79B5D9B3-8B13-4779-BB7E-9FDABD39A9D0}.Debug|Any CPU.Build.0 = Debug|Any CPU
		{79B5D9B3-8B13-4779-BB7E-9FDABD39A9D0}.Release|Any CPU.ActiveCfg = Release|Any CPU
		{79B5D9B3-8B13-4779-BB7E-9FDABD39A9D0}.Release|Any CPU.Build.0 = Release|Any CPU
	EndGlobalSection
	GlobalSection(SolutionProperties) = preSolution
		HideSolutionNode = FALSE
	EndGlobalSection
	GlobalSection(ExtensibilityGlobals) = postSolution
		SolutionGuid = {19A6E860-D00C-43CC-95FC-E73CCE33C127}
	EndGlobalSection
EndGlobal
